Microsoft Visual Studio Solution File, Format Version 12.00
# Visual Studio 15
VisualStudioVersion = 15.0.26430.13
MinimumVisualStudioVersion = 10.0.40219.1
Project("{D954291E-2A0B-460D-934E-DC6B0785DB48}") = "GrowPea", "GrowPea\GrowPea.shproj", "{822C0783-B57D-4349-90CB-48CD840BF6E0}"
EndProject
Project("{FAE04EC0-301F-11D3-BF4B-00C04F79EFBC}") = "GrowPea.Droid", "Droid\GrowPea.Droid.csproj", "{A61E13F8-91FD-4C3A-BF9A-4AB6EC3633CC}"
EndProject
Project("{FAE04EC0-301F-11D3-BF4B-00C04F79EFBC}") = "GrowPea.iOS", "iOS\GrowPea.iOS.csproj", "{93A02169-57D4-4331-BC92-C673699D8487}"
EndProject
Global
	GlobalSection(SharedMSBuildProjectFiles) = preSolution
		GrowPea\GrowPea.projitems*{822c0783-b57d-4349-90cb-48cd840bf6e0}*SharedItemsImports = 13
		GrowPea\GrowPea.projitems*{93a02169-57d4-4331-bc92-c673699d8487}*SharedItemsImports = 4
		GrowPea\GrowPea.projitems*{a61e13f8-91fd-4c3a-bf9a-4ab6ec3633cc}*SharedItemsImports = 4
	EndGlobalSection
	GlobalSection(SolutionConfigurationPlatforms) = preSolution
		Debug|Any CPU = Debug|Any CPU
		Debug|iPhone = Debug|iPhone
		Debug|iPhoneSimulator = Debug|iPhoneSimulator
		Release|Any CPU = Release|Any CPU
		Release|iPhone = Release|iPhone
		Release|iPhoneSimulator = Release|iPhoneSimulator
	EndGlobalSection
	GlobalSection(ProjectConfigurationPlatforms) = postSolution
		{A61E13F8-91FD-4C3A-BF9A-4AB6EC3633CC}.Debug|Any CPU.ActiveCfg = Debug|Any CPU
		{A61E13F8-91FD-4C3A-BF9A-4AB6EC3633CC}.Debug|Any CPU.Build.0 = Debug|Any CPU
		{A61E13F8-91FD-4C3A-BF9A-4AB6EC3633CC}.Debug|iPhone.ActiveCfg = Debug|Any CPU
		{A61E13F8-91FD-4C3A-BF9A-4AB6EC3633CC}.Debug|iPhone.Build.0 = Debug|Any CPU
		{A61E13F8-91FD-4C3A-BF9A-4AB6EC3633CC}.Debug|iPhoneSimulator.ActiveCfg = Debug|Any CPU
		{A61E13F8-91FD-4C3A-BF9A-4AB6EC3633CC}.Debug|iPhoneSimulator.Build.0 = Debug|Any CPU
		{A61E13F8-91FD-4C3A-BF9A-4AB6EC3633CC}.Release|Any CPU.ActiveCfg = Release|Any CPU
		{A61E13F8-91FD-4C3A-BF9A-4AB6EC3633CC}.Release|Any CPU.Build.0 = Release|Any CPU
		{A61E13F8-91FD-4C3A-BF9A-4AB6EC3633CC}.Release|iPhone.ActiveCfg = Release|Any CPU
		{A61E13F8-91FD-4C3A-BF9A-4AB6EC3633CC}.Release|iPhone.Build.0 = Release|Any CPU
		{A61E13F8-91FD-4C3A-BF9A-4AB6EC3633CC}.Release|iPhoneSimulator.ActiveCfg = Release|Any CPU
		{A61E13F8-91FD-4C3A-BF9A-4AB6EC3633CC}.Release|iPhoneSimulator.Build.0 = Release|Any CPU
		{93A02169-57D4-4331-BC92-C673699D8487}.Debug|Any CPU.ActiveCfg = Debug|iPhoneSimulator
		{93A02169-57D4-4331-BC92-C673699D8487}.Debug|Any CPU.Build.0 = Debug|iPhoneSimulator
		{93A02169-57D4-4331-BC92-C673699D8487}.Debug|iPhone.ActiveCfg = Debug|iPhone
		{93A02169-57D4-4331-BC92-C673699D8487}.Debug|iPhone.Build.0 = Debug|iPhone
		{93A02169-57D4-4331-BC92-C673699D8487}.Debug|iPhoneSimulator.ActiveCfg = Debug|iPhoneSimulator
		{93A02169-57D4-4331-BC92-C673699D8487}.Debug|iPhoneSimulator.Build.0 = Debug|iPhoneSimulator
		{93A02169-57D4-4331-BC92-C673699D8487}.Release|Any CPU.ActiveCfg = Release|iPhone
		{93A02169-57D4-4331-BC92-C673699D8487}.Release|Any CPU.Build.0 = Release|iPhone
		{93A02169-57D4-4331-BC92-C673699D8487}.Release|iPhone.ActiveCfg = Release|iPhone
		{93A02169-57D4-4331-BC92-C673699D8487}.Release|iPhone.Build.0 = Release|iPhone
		{93A02169-57D4-4331-BC92-C673699D8487}.Release|iPhoneSimulator.ActiveCfg = Release|iPhoneSimulator
		{93A02169-57D4-4331-BC92-C673699D8487}.Release|iPhoneSimulator.Build.0 = Release|iPhoneSimulator
	EndGlobalSection
	GlobalSection(SolutionProperties) = preSolution
		HideSolutionNode = FALSE
	EndGlobalSection
EndGlobal
